
Microsoft Visual Studio Solution File, Format Version 12.00
# Visual Studio Version 17
VisualStudioVersion = 17.0.31903.59
MinimumVisualStudioVersion = 10.0.40219.1
Project("{2150E333-8FDC-42A3-9474-1A3956D46DE8}") = "CryptoLab_DES", "CryptoLab_DES", "{7174F159-A60E-413B-AB50-F093A8D94601}"
EndProject
Project("{FAE04EC0-301F-11D3-BF4B-00C04F79EFBC}") = "CryptoDemo_DES", "CryptoLab_DES\CryptoDemo_DES\CryptoDemo_DES.csproj", "{26950FFD-B6E3-4BC5-B674-FF61A627E3BC}"
EndProject
Project("{FAE04EC0-301F-11D3-BF4B-00C04F79EFBC}") = "CryptoTests_DES", "CryptoLab_DES\CryptoTests_DES\CryptoTests_DES.csproj", "{900B4B50-8680-406F-9FFE-FDA078F47500}"
EndProject
Project("{FAE04EC0-301F-11D3-BF4B-00C04F79EFBC}") = "CryptoApp_DES", "CryptoLab_DES\CryptoApp_DES\CryptoApp_DES.csproj", "{9340A626-A9C6-4322-BE0A-4A612EB8B357}"
EndProject
Project("{FAE04EC0-301F-11D3-BF4B-00C04F79EFBC}") = "CryptoLib_DES", "CryptoLab_DES\CryptoLib_DES\CryptoLib_DES.csproj", "{143E3298-F877-4569-B62C-BCB1B7663D23}"
EndProject
Project("{2150E333-8FDC-42A3-9474-1A3956D46DE8}") = "Cryptography_RSA", "Cryptography_RSA", "{DE7442D7-5041-4E2E-A957-831C32C6DC91}"
EndProject
Project("{FAE04EC0-301F-11D3-BF4B-00C04F79EFBC}") = "CryptoApp_RSA", "Cryptography_RSA\CryptoApp_RSA\CryptoApp_RSA.csproj", "{2B9F5B2E-8FF2-4B5B-AFE0-9DD5E10C51C8}"
EndProject
Project("{FAE04EC0-301F-11D3-BF4B-00C04F79EFBC}") = "CryptoDemo_RSA", "Cryptography_RSA\CryptoDemo_RSA\CryptoDemo_RSA.csproj", "{6F449A61-54CF-467D-8726-7B52B467D41E}"
EndProject
Project("{FAE04EC0-301F-11D3-BF4B-00C04F79EFBC}") = "CryptoLib_RSA", "Cryptography_RSA\CryptoLib_RSA\CryptoLib_RSA.csproj", "{BCF35797-DBF8-4FF4-881C-0ADBA81568AF}"
EndProject
Project("{FAE04EC0-301F-11D3-BF4B-00C04F79EFBC}") = "CryptoTests_RSA", "Cryptography_RSA\CryptoTests_RSA\CryptoTests_RSA.csproj", "{7CF297E9-5266-42DD-BFD7-06D06FB2CFE4}"
EndProject
Project("{2150E333-8FDC-42A3-9474-1A3956D46DE8}") = "Cryptography_Rijndael", "Cryptography_Rijndael", "{D788C34B-6C37-4381-BC4B-1AB93D592A21}"
EndProject
Project("{FAE04EC0-301F-11D3-BF4B-00C04F79EFBC}") = "CryptoApp_Rijndael", "Cryptography_Rijndael\CryptoApp_Rijndael\CryptoApp_Rijndael.csproj", "{7D9F9023-719E-4498-8C5F-820684888820}"
EndProject
Project("{FAE04EC0-301F-11D3-BF4B-00C04F79EFBC}") = "CryptoDemo_Rijndael", "Cryptography_Rijndael\CryptoDemo_Rijndael\CryptoDemo_Rijndael.csproj", "{78F8185C-331F-4A17-AFCC-2D2950706C85}"
EndProject
Project("{FAE04EC0-301F-11D3-BF4B-00C04F79EFBC}") = "CryptoLib_Rijndael", "Cryptography_Rijndael\CryptoLib_Rijndael\CryptoLib_Rijndael.csproj", "{4A27FD20-AA9A-4D77-BCEC-D0F2DC493994}"
EndProject
Project("{FAE04EC0-301F-11D3-BF4B-00C04F79EFBC}") = "CryptoTests_Rijndael", "Cryptography_Rijndael\CryptoTests_Rijndael\CryptoTests_Rijndael.csproj", "{B7E93DFB-4225-4EBC-9B46-68694C2D6912}"
EndProject
Project("{FAE04EC0-301F-11D3-BF4B-00C04F79EFBC}") = "CryptoLib_New", "CryptoLib_New\CryptoLib_New.csproj", "{FE0BAAAE-CF0B-4E92-BDBA-9EF083B4C68D}"
EndProject
Project("{FAE04EC0-301F-11D3-BF4B-00C04F79EFBC}") = "CryptoTests_New", "CryptoTests_New\CryptoTests_New.csproj", "{3235F3F8-8915-4ACF-849F-B090672B5EB6}"
EndProject
Project("{FAE04EC0-301F-11D3-BF4B-00C04F79EFBC}") = "CryptoCoursework_UI", "CryptoCoursework_UI\CryptoCoursework_UI.csproj", "{9368ABF1-65FB-4BB2-803F-2B9DD60BC012}"
EndProject
Global
	GlobalSection(SolutionConfigurationPlatforms) = preSolution
		Debug|Any CPU = Debug|Any CPU
		Release|Any CPU = Release|Any CPU
	EndGlobalSection
	GlobalSection(SolutionProperties) = preSolution
		HideSolutionNode = FALSE
	EndGlobalSection
	GlobalSection(ProjectConfigurationPlatforms) = postSolution
		{26950FFD-B6E3-4BC5-B674-FF61A627E3BC}.Debug|Any CPU.ActiveCfg = Debug|Any CPU
		{26950FFD-B6E3-4BC5-B674-FF61A627E3BC}.Debug|Any CPU.Build.0 = Debug|Any CPU
		{26950FFD-B6E3-4BC5-B674-FF61A627E3BC}.Release|Any CPU.ActiveCfg = Release|Any CPU
		{26950FFD-B6E3-4BC5-B674-FF61A627E3BC}.Release|Any CPU.Build.0 = Release|Any CPU
		{900B4B50-8680-406F-9FFE-FDA078F47500}.Debug|Any CPU.ActiveCfg = Debug|Any CPU
		{900B4B50-8680-406F-9FFE-FDA078F47500}.Debug|Any CPU.Build.0 = Debug|Any CPU
		{900B4B50-8680-406F-9FFE-FDA078F47500}.Release|Any CPU.ActiveCfg = Release|Any CPU
		{900B4B50-8680-406F-9FFE-FDA078F47500}.Release|Any CPU.Build.0 = Release|Any CPU
		{9340A626-A9C6-4322-BE0A-4A612EB8B357}.Debug|Any CPU.ActiveCfg = Debug|Any CPU
		{9340A626-A9C6-4322-BE0A-4A612EB8B357}.Debug|Any CPU.Build.0 = Debug|Any CPU
		{9340A626-A9C6-4322-BE0A-4A612EB8B357}.Release|Any CPU.ActiveCfg = Release|Any CPU
		{9340A626-A9C6-4322-BE0A-4A612EB8B357}.Release|Any CPU.Build.0 = Release|Any CPU
		{143E3298-F877-4569-B62C-BCB1B7663D23}.Debug|Any CPU.ActiveCfg = Debug|Any CPU
		{143E3298-F877-4569-B62C-BCB1B7663D23}.Debug|Any CPU.Build.0 = Debug|Any CPU
		{143E3298-F877-4569-B62C-BCB1B7663D23}.Release|Any CPU.ActiveCfg = Release|Any CPU
		{143E3298-F877-4569-B62C-BCB1B7663D23}.Release|Any CPU.Build.0 = Release|Any CPU
		{2B9F5B2E-8FF2-4B5B-AFE0-9DD5E10C51C8}.Debug|Any CPU.ActiveCfg = Debug|Any CPU
		{2B9F5B2E-8FF2-4B5B-AFE0-9DD5E10C51C8}.Debug|Any CPU.Build.0 = Debug|Any CPU
		{2B9F5B2E-8FF2-4B5B-AFE0-9DD5E10C51C8}.Release|Any CPU.ActiveCfg = Release|Any CPU
		{2B9F5B2E-8FF2-4B5B-AFE0-9DD5E10C51C8}.Release|Any CPU.Build.0 = Release|Any CPU
		{6F449A61-54CF-467D-8726-7B52B467D41E}.Debug|Any CPU.ActiveCfg = Debug|Any CPU
		{6F449A61-54CF-467D-8726-7B52B467D41E}.Debug|Any CPU.Build.0 = Debug|Any CPU
		{6F449A61-54CF-467D-8726-7B52B467D41E}.Release|Any CPU.ActiveCfg = Release|Any CPU
		{6F449A61-54CF-467D-8726-7B52B467D41E}.Release|Any CPU.Build.0 = Release|Any CPU
		{BCF35797-DBF8-4FF4-881C-0ADBA81568AF}.Debug|Any CPU.ActiveCfg = Debug|Any CPU
		{BCF35797-DBF8-4FF4-881C-0ADBA81568AF}.Debug|Any CPU.Build.0 = Debug|Any CPU
		{BCF35797-DBF8-4FF4-881C-0ADBA81568AF}.Release|Any CPU.ActiveCfg = Release|Any CPU
		{BCF35797-DBF8-4FF4-881C-0ADBA81568AF}.Release|Any CPU.Build.0 = Release|Any CPU
		{7CF297E9-5266-42DD-BFD7-06D06FB2CFE4}.Debug|Any CPU.ActiveCfg = Debug|Any CPU
		{7CF297E9-5266-42DD-BFD7-06D06FB2CFE4}.Debug|Any CPU.Build.0 = Debug|Any CPU
		{7CF297E9-5266-42DD-BFD7-06D06FB2CFE4}.Release|Any CPU.ActiveCfg = Release|Any CPU
		{7CF297E9-5266-42DD-BFD7-06D06FB2CFE4}.Release|Any CPU.Build.0 = Release|Any CPU
		{7D9F9023-719E-4498-8C5F-820684888820}.Debug|Any CPU.ActiveCfg = Debug|Any CPU
		{7D9F9023-719E-4498-8C5F-820684888820}.Debug|Any CPU.Build.0 = Debug|Any CPU
		{7D9F9023-719E-4498-8C5F-820684888820}.Release|Any CPU.ActiveCfg = Release|Any CPU
		{7D9F9023-719E-4498-8C5F-820684888820}.Release|Any CPU.Build.0 = Release|Any CPU
		{78F8185C-331F-4A17-AFCC-2D2950706C85}.Debug|Any CPU.ActiveCfg = Debug|Any CPU
		{78F8185C-331F-4A17-AFCC-2D2950706C85}.Debug|Any CPU.Build.0 = Debug|Any CPU
		{78F8185C-331F-4A17-AFCC-2D2950706C85}.Release|Any CPU.ActiveCfg = Release|Any CPU
		{78F8185C-331F-4A17-AFCC-2D2950706C85}.Release|Any CPU.Build.0 = Release|Any CPU
		{4A27FD20-AA9A-4D77-BCEC-D0F2DC493994}.Debug|Any CPU.ActiveCfg = Debug|Any CPU
		{4A27FD20-AA9A-4D77-BCEC-D0F2DC493994}.Debug|Any CPU.Build.0 = Debug|Any CPU
		{4A27FD20-AA9A-4D77-BCEC-D0F2DC493994}.Release|Any CPU.ActiveCfg = Release|Any CPU
		{4A27FD20-AA9A-4D77-BCEC-D0F2DC493994}.Release|Any CPU.Build.0 = Release|Any CPU
		{B7E93DFB-4225-4EBC-9B46-68694C2D6912}.Debug|Any CPU.ActiveCfg = Debug|Any CPU
		{B7E93DFB-4225-4EBC-9B46-68694C2D6912}.Debug|Any CPU.Build.0 = Debug|Any CPU
		{B7E93DFB-4225-4EBC-9B46-68694C2D6912}.Release|Any CPU.ActiveCfg = Release|Any CPU
		{B7E93DFB-4225-4EBC-9B46-68694C2D6912}.Release|Any CPU.Build.0 = Release|Any CPU
		{FE0BAAAE-CF0B-4E92-BDBA-9EF083B4C68D}.Debug|Any CPU.ActiveCfg = Debug|Any CPU
		{FE0BAAAE-CF0B-4E92-BDBA-9EF083B4C68D}.Debug|Any CPU.Build.0 = Debug|Any CPU
		{FE0BAAAE-CF0B-4E92-BDBA-9EF083B4C68D}.Release|Any CPU.ActiveCfg = Release|Any CPU
		{FE0BAAAE-CF0B-4E92-BDBA-9EF083B4C68D}.Release|Any CPU.Build.0 = Release|Any CPU
		{3235F3F8-8915-4ACF-849F-B090672B5EB6}.Debug|Any CPU.ActiveCfg = Debug|Any CPU
		{3235F3F8-8915-4ACF-849F-B090672B5EB6}.Debug|Any CPU.Build.0 = Debug|Any CPU
		{3235F3F8-8915-4ACF-849F-B090672B5EB6}.Release|Any CPU.ActiveCfg = Release|Any CPU
		{3235F3F8-8915-4ACF-849F-B090672B5EB6}.Release|Any CPU.Build.0 = Release|Any CPU
		{9368ABF1-65FB-4BB2-803F-2B9DD60BC012}.Debug|Any CPU.ActiveCfg = Debug|Any CPU
		{9368ABF1-65FB-4BB2-803F-2B9DD60BC012}.Debug|Any CPU.Build.0 = Debug|Any CPU
		{9368ABF1-65FB-4BB2-803F-2B9DD60BC012}.Release|Any CPU.ActiveCfg = Release|Any CPU
		{9368ABF1-65FB-4BB2-803F-2B9DD60BC012}.Release|Any CPU.Build.0 = Release|Any CPU
	EndGlobalSection
	GlobalSection(NestedProjects) = preSolution
		{26950FFD-B6E3-4BC5-B674-FF61A627E3BC} = {7174F159-A60E-413B-AB50-F093A8D94601}
		{900B4B50-8680-406F-9FFE-FDA078F47500} = {7174F159-A60E-413B-AB50-F093A8D94601}
		{9340A626-A9C6-4322-BE0A-4A612EB8B357} = {7174F159-A60E-413B-AB50-F093A8D94601}
		{143E3298-F877-4569-B62C-BCB1B7663D23} = {7174F159-A60E-413B-AB50-F093A8D94601}
		{2B9F5B2E-8FF2-4B5B-AFE0-9DD5E10C51C8} = {DE7442D7-5041-4E2E-A957-831C32C6DC91}
		{6F449A61-54CF-467D-8726-7B52B467D41E} = {DE7442D7-5041-4E2E-A957-831C32C6DC91}
		{BCF35797-DBF8-4FF4-881C-0ADBA81568AF} = {DE7442D7-5041-4E2E-A957-831C32C6DC91}
		{7CF297E9-5266-42DD-BFD7-06D06FB2CFE4} = {DE7442D7-5041-4E2E-A957-831C32C6DC91}
		{7D9F9023-719E-4498-8C5F-820684888820} = {D788C34B-6C37-4381-BC4B-1AB93D592A21}
		{78F8185C-331F-4A17-AFCC-2D2950706C85} = {D788C34B-6C37-4381-BC4B-1AB93D592A21}
		{4A27FD20-AA9A-4D77-BCEC-D0F2DC493994} = {D788C34B-6C37-4381-BC4B-1AB93D592A21}
		{B7E93DFB-4225-4EBC-9B46-68694C2D6912} = {D788C34B-6C37-4381-BC4B-1AB93D592A21}
	EndGlobalSection
EndGlobal
